
Microsoft Visual Studio Solution File, Format Version 12.00
# Visual Studio Version 16
VisualStudioVersion = 16.0.31005.135
MinimumVisualStudioVersion = 10.0.40219.1
Project("{9A19103F-16F7-4668-BE54-9A1E7A4F7556}") = "QandA", "QandA.csproj", "{578507A7-5075-4C33-85EA-11A6C9981058}"
EndProject
Project("{FAE04EC0-301F-11D3-BF4B-00C04F79EFBC}") = "BackendTests", "..\BackendTests\BackendTests.csproj", "{479BF777-6C2D-469E-8AC8-34321E537091}"
EndProject
Global
	GlobalSection(SolutionConfigurationPlatforms) = preSolution
		Debug|Any CPU = Debug|Any CPU
		Release|Any CPU = Release|Any CPU
	EndGlobalSection
	GlobalSection(ProjectConfigurationPlatforms) = postSolution
		{578507A7-5075-4C33-85EA-11A6C9981058}.Debug|Any CPU.ActiveCfg = Debug|Any CPU
		{578507A7-5075-4C33-85EA-11A6C9981058}.Debug|Any CPU.Build.0 = Debug|Any CPU
		{578507A7-5075-4C33-85EA-11A6C9981058}.Release|Any CPU.ActiveCfg = Release|Any CPU
		{578507A7-5075-4C33-85EA-11A6C9981058}.Release|Any CPU.Build.0 = Release|Any CPU
		{479BF777-6C2D-469E-8AC8-34321E537091}.Debug|Any CPU.ActiveCfg = Debug|Any CPU
		{479BF777-6C2D-469E-8AC8-34321E537091}.Debug|Any CPU.Build.0 = Debug|Any CPU
		{479BF777-6C2D-469E-8AC8-34321E537091}.Release|Any CPU.ActiveCfg = Release|Any CPU
		{479BF777-6C2D-469E-8AC8-34321E537091}.Release|Any CPU.Build.0 = Release|Any CPU
	EndGlobalSection
	GlobalSection(SolutionProperties) = preSolution
		HideSolutionNode = FALSE
	EndGlobalSection
	GlobalSection(ExtensibilityGlobals) = postSolution
		SolutionGuid = {3E90D048-DEF9-4B92-96F1-5191BD8EE291}
	EndGlobalSection
EndGlobal
